// !$*UTF8*$!
{
	archiveVersion = 1;
	classes = {
	};
	objectVersion = 46;
	objects = {

/* Begin PBXBuildFile section */
		5CCF40981AA5CF2600D9A975 /* main.m in Sources */ = {isa = PBXBuildFile; fileRef = 5CCF40971AA5CF2600D9A975 /* main.m */; };
		5CCF409B1AA5CF2600D9A975 /* AppDelegate.m in Sources */ = {isa = PBXBuildFile; fileRef = 5CCF409A1AA5CF2600D9A975 /* AppDelegate.m */; };
		5CCF409E1AA5CF2600D9A975 /* ViewController.m in Sources */ = {isa = PBXBuildFile; fileRef = 5CCF409D1AA5CF2600D9A975 /* ViewController.m */; };
		5CCF40A11AA5CF2600D9A975 /* Main.storyboard in Resources */ = {isa = PBXBuildFile; fileRef = 5CCF409F1AA5CF2600D9A975 /* Main.storyboard */; };
		5CCF40A31AA5CF2600D9A975 /* Images.xcassets in Resources */ = {isa = PBXBuildFile; fileRef = 5CCF40A21AA5CF2600D9A975 /* Images.xcassets */; };
		5CCF40A61AA5CF2600D9A975 /* LaunchScreen.xib in Resources */ = {isa = PBXBuildFile; fileRef = 5CCF40A41AA5CF2600D9A975 /* LaunchScreen.xib */; };
		5CCF40B21AA5CF2600D9A975 /* MC1Tests.m in Sources */ = {isa = PBXBuildFile; fileRef = 5CCF40B11AA5CF2600D9A975 /* MC1Tests.m */; };
/* End PBXBuildFile section */

/* Begin PBXContainerItemProxy section */
		5CCF40AC1AA5CF2600D9A975 /* PBXContainerItemProxy */ = {
			isa = PBXContainerItemProxy;
			containerPortal = 5CCF408A1AA5CF2600D9A975 /* Project object */;
			proxyType = 1;
			remoteGlobalIDString = 5CCF40911AA5CF2600D9A975;
			remoteInfo = MC1;
		};
/* End PBXContainerItemProxy section */

/* Begin PBXFileReference section */
		5CCF40921AA5CF2600D9A975 /* MC1.app */ = {isa = PBXFileReference; explicitFileType = wrapper.application; includeInIndex = 0; path = MC1.app; sourceTree = BUILT_PRODUCTS_DIR; };
		5CCF40961AA5CF2600D9A975 /* Info.plist */ = {isa = PBXFileReference; lastKnownFileType = text.plist.xml; path = Info.plist; sourceTree = "<group>"; };
		5CCF40971AA5CF2600D9A975 /* main.m */ = {isa = PBXFileReference; lastKnownFileType = sourcecode.c.objc; path = main.m; sourceTree = "<group>"; };
		5CCF40991AA5CF2600D9A975 /* AppDelegate.h */ = {isa = PBXFileReference; lastKnownFileType = sourcecode.c.h; path = AppDelegate.h; sourceTree = "<group>"; };
		5CCF409A1AA5CF2600D9A975 /* AppDelegate.m */ = {isa = PBXFileReference; lastKnownFileType = sourcecode.c.objc; path = AppDelegate.m; sourceTree = "<group>"; };
		5CCF409C1AA5CF2600D9A975 /* ViewController.h */ = {isa = PBXFileReference; lastKnownFileType = sourcecode.c.h; path = ViewController.h; sourceTree = "<group>"; };
		5CCF409D1AA5CF2600D9A975 /* ViewController.m */ = {isa = PBXFileReference; lastKnownFileType = sourcecode.c.objc; path = ViewController.m; sourceTree = "<group>"; };
		5CCF40A01AA5CF2600D9A975 /* Base */ = {isa = PBXFileReference; lastKnownFileType = file.storyboard; name = Base; path = Base.lproj/Main.storyboard; sourceTree = "<group>"; };
		5CCF40A21AA5CF2600D9A975 /* Images.xcassets */ = {isa = PBXFileReference; lastKnownFileType = folder.assetcatalog; path = Images.xcassets; sourceTree = "<group>"; };
		5CCF40A51AA5CF2600D9A975 /* Base */ = {isa = PBXFileReference; lastKnownFileType = file.xib; name = Base; path = Base.lproj/LaunchScreen.xib; sourceTree = "<group>"; };
		5CCF40AB1AA5CF2600D9A975 /* MC1Tests.xctest */ = {isa = PBXFileReference; explicitFileType = wrapper.cfbundle; includeInIndex = 0; path = MC1Tests.xctest; sourceTree = BUILT_PRODUCTS_DIR; };
		5CCF40B01AA5CF2600D9A975 /* Info.plist */ = {isa = PBXFileReference; lastKnownFileType = text.plist.xml; path = Info.plist; sourceTree = "<group>"; };
		5CCF40B11AA5CF2600D9A975 /* MC1Tests.m */ = {isa = PBXFileReference; lastKnownFileType = sourcecode.c.objc; path = MC1Tests.m; sourceTree = "<group>"; };
/* End PBXFileReference section */

/* Begin PBXFrameworksBuildPhase section */
		5CCF408F1AA5CF2600D9A975 /* Frameworks */ = {
			isa = PBXFrameworksBuildPhase;
			buildActionMask = 2147483647;
			files = (
			);
			runOnlyForDeploymentPostprocessing = 0;
		};
		5CCF40A81AA5CF2600D9A975 /* Frameworks */ = {
			isa = PBXFrameworksBuildPhase;
			buildActionMask = 2147483647;
			files = (
			);
			runOnlyForDeploymentPostprocessing = 0;
		};
/* End PBXFrameworksBuildPhase section */

/* Begin PBXGroup section */
		5CCF40891AA5CF2600D9A975 = {
			isa = PBXGroup;
			children = (
				5CCF40941AA5CF2600D9A975 /* MC1 */,
				5CCF40AE1AA5CF2600D9A975 /* MC1Tests */,
				5CCF40931AA5CF2600D9A975 /* Products */,
			);
			sourceTree = "<group>";
		};
		5CCF40931AA5CF2600D9A975 /* Products */ = {
			isa = PBXGroup;
			children = (
				5CCF40921AA5CF2600D9A975 /* MC1.app */,
				5CCF40AB1AA5CF2600D9A975 /* MC1Tests.xctest */,
			);
			name = Products;
			sourceTree = "<group>";
		};
		5CCF40941AA5CF2600D9A975 /* MC1 */ = {
			isa = PBXGroup;
			children = (
				5CCF40991AA5CF2600D9A975 /* AppDelegate.h */,
				5CCF409A1AA5CF2600D9A975 /* AppDelegate.m */,
				5CCF409C1AA5CF2600D9A975 /* ViewController.h */,
				5CCF409D1AA5CF2600D9A975 /* ViewController.m */,
				5CCF409F1AA5CF2600D9A975 /* Main.storyboard */,
				5CCF40A21AA5CF2600D9A975 /* Images.xcassets */,
				5CCF40A41AA5CF2600D9A975 /* LaunchScreen.xib */,
				5CCF40951AA5CF2600D9A975 /* Supporting Files */,
			);
			path = MC1;
			sourceTree = "<group>";
		};
		5CCF40951AA5CF2600D9A975 /* Supporting Files */ = {
			isa = PBXGroup;
			children = (
				5CCF40961AA5CF2600D9A975 /* Info.plist */,
				5CCF40971AA5CF2600D9A975 /* main.m */,
			);
			name = "Supporting Files";
			sourceTree = "<group>";
		};
		5CCF40AE1AA5CF2600D9A975 /* MC1Tests */ = {
			isa = PBXGroup;
			children = (
				5CCF40B11AA5CF2600D9A975 /* MC1Tests.m */,
				5CCF40AF1AA5CF2600D9A975 /* Supporting Files */,
			);
			path = MC1Tests;
			sourceTree = "<group>";
		};
		5CCF40AF1AA5CF2600D9A975 /* Supporting Files */ = {
			isa = PBXGroup;
			children = (
				5CCF40B01AA5CF2600D9A975 /* Info.plist */,
			);
			name = "Supporting Files";
			sourceTree = "<group>";
		};
/* End PBXGroup section */

/* Begin PBXNativeTarget section */
		5CCF40911AA5CF2600D9A975 /* MC1 */ = {
			isa = PBXNativeTarget;
			buildConfigurationList = 5CCF40B51AA5CF2600D9A975 /* Build configuration list for PBXNativeTarget "MC1" */;
			buildPhases = (
				5CCF408E1AA5CF2600D9A975 /* Sources */,
				5CCF408F1AA5CF2600D9A975 /* Frameworks */,
				5CCF40901AA5CF2600D9A975 /* Resources */,
			);
			buildRules = (
			);
			dependencies = (
			);
			name = MC1;
			productName = MC1;
			productReference = 5CCF40921AA5CF2600D9A975 /* MC1.app */;
			productType = "com.apple.product-type.application";
		};
		5CCF40AA1AA5CF2600D9A975 /* MC1Tests */ = {
			isa = PBXNativeTarget;
			buildConfigurationList = 5CCF40B81AA5CF2600D9A975 /* Build configuration list for PBXNativeTarget "MC1Tests" */;
			buildPhases = (
				5CCF40A71AA5CF2600D9A975 /* Sources */,
				5CCF40A81AA5CF2600D9A975 /* Frameworks */,
				5CCF40A91AA5CF2600D9A975 /* Resources */,
			);
			buildRules = (
			);
			dependencies = (
				5CCF40AD1AA5CF2600D9A975 /* PBXTargetDependency */,
			);
			name = MC1Tests;
			productName = MC1Tests;
			productReference = 5CCF40AB1AA5CF2600D9A975 /* MC1Tests.xctest */;
			productType = "com.apple.product-type.bundle.unit-test";
		};
/* End PBXNativeTarget section */

/* Begin PBXProject section */
		5CCF408A1AA5CF2600D9A975 /* Project object */ = {
			isa = PBXProject;
			attributes = {
				LastUpgradeCheck = 0610;
				ORGANIZATIONNAME = "Humberto  Julião";
				TargetAttributes = {
					5CCF40911AA5CF2600D9A975 = {
						CreatedOnToolsVersion = 6.1.1;
					};
					5CCF40AA1AA5CF2600D9A975 = {
						CreatedOnToolsVersion = 6.1.1;
						TestTargetID = 5CCF40911AA5CF2600D9A975;
					};
				};
			};
			buildConfigurationList = 5CCF408D1AA5CF2600D9A975 /* Build configuration list for PBXProject "MC1" */;
			compatibilityVersion = "Xcode 3.2";
			developmentRegion = English;
			hasScannedForEncodings = 0;
			knownRegions = (
				en,
				Base,
			);
			mainGroup = 5CCF40891AA5CF2600D9A975;
			productRefGroup = 5CCF40931AA5CF2600D9A975 /* Products */;
			projectDirPath = "";
			projectRoot = "";
			targets = (
				5CCF40911AA5CF2600D9A975 /* MC1 */,
				5CCF40AA1AA5CF2600D9A975 /* MC1Tests */,
			);
		};
/* End PBXProject section */

/* Begin PBXResourcesBuildPhase section */
		5CCF40901AA5CF2600D9A975 /* Resources */ = {
			isa = PBXResourcesBuildPhase;
			buildActionMask = 2147483647;
			files = (
				5CCF40A11AA5CF2600D9A975 /* Main.storyboard in Resources */,
				5CCF40A61AA5CF2600D9A975 /* LaunchScreen.xib in Resources */,
				5CCF40A31AA5CF2600D9A975 /* Images.xcassets in Resources */,
			);
			runOnlyForDeploymentPostprocessing = 0;
		};
		5CCF40A91AA5CF2600D9A975 /* Resources */ = {
			isa = PBXResourcesBuildPhase;
			buildActionMask = 2147483647;
			files = (
			);
			runOnlyForDeploymentPostprocessing = 0;
		};
/* End PBXResourcesBuildPhase section */

/* Begin PBXSourcesBuildPhase section */
		5CCF408E1AA5CF2600D9A975 /* Sources */ = {
			isa = PBXSourcesBuildPhase;
			buildActionMask = 2147483647;
			files = (
				5CCF409E1AA5CF2600D9A975 /* ViewController.m in Sources */,
				5CCF409B1AA5CF2600D9A975 /* AppDelegate.m in Sources */,
				5CCF40981AA5CF2600D9A975 /* main.m in Sources */,
			);
			runOnlyForDeploymentPostprocessing = 0;
		};
		5CCF40A71AA5CF2600D9A975 /* Sources */ = {
			isa = PBXSourcesBuildPhase;
			buildActionMask = 2147483647;
			files = (
				5CCF40B21AA5CF2600D9A975 /* MC1Tests.m in Sources */,
			);
			runOnlyForDeploymentPostprocessing = 0;
		};
/* End PBXSourcesBuildPhase section */

/* Begin PBXTargetDependency section */
		5CCF40AD1AA5CF2600D9A975 /* PBXTargetDependency */ = {
			isa = PBXTargetDependency;
			target = 5CCF40911AA5CF2600D9A975 /* MC1 */;
			targetProxy = 5CCF40AC1AA5CF2600D9A975 /* PBXContainerItemProxy */;
		};
/* End PBXTargetDependency section */

/* Begin PBXVariantGroup section */
		5CCF409F1AA5CF2600D9A975 /* Main.storyboard */ = {
			isa = PBXVariantGroup;
			children = (
				5CCF40A01AA5CF2600D9A975 /* Base */,
			);
			name = Main.storyboard;
			sourceTree = "<group>";
		};
		5CCF40A41AA5CF2600D9A975 /* LaunchScreen.xib */ = {
			isa = PBXVariantGroup;
			children = (
				5CCF40A51AA5CF2600D9A975 /* Base */,
			);
			name = LaunchScreen.xib;
			sourceTree = "<group>";
		};
/* End PBXVariantGroup section */

/* Begin XCBuildConfiguration section */
		5CCF40B31AA5CF2600D9A975 /* Debug */ = {
			isa = XCBuildConfiguration;
			buildSettings = {
				ALWAYS_SEARCH_USER_PATHS = NO;
				CLANG_CXX_LANGUAGE_STANDARD = "gnu++0x";
				CLANG_CXX_LIBRARY = "libc++";
				CLANG_ENABLE_MODULES = YES;
				CLANG_ENABLE_OBJC_ARC = YES;
				CLANG_WARN_BOOL_CONVERSION = YES;
				CLANG_WARN_CONSTANT_CONVERSION = YES;
				CLANG_WARN_DIRECT_OBJC_ISA_USAGE = YES_ERROR;
				CLANG_WARN_EMPTY_BODY = YES;
				CLANG_WARN_ENUM_CONVERSION = YES;
				CLANG_WARN_INT_CONVERSION = YES;
				CLANG_WARN_OBJC_ROOT_CLASS = YES_ERROR;
				CLANG_WARN_UNREACHABLE_CODE = YES;
				CLANG_WARN__DUPLICATE_METHOD_MATCH = YES;
				"CODE_SIGN_IDENTITY[sdk=iphoneos*]" = "iPhone Developer";
				COPY_PHASE_STRIP = NO;
				ENABLE_STRICT_OBJC_MSGSEND = YES;
				GCC_C_LANGUAGE_STANDARD = gnu99;
				GCC_DYNAMIC_NO_PIC = NO;
				GCC_OPTIMIZATION_LEVEL = 0;
				GCC_PREPROCESSOR_DEFINITIONS = (
					"DEBUG=1",
					"$(inherited)",
				);
				GCC_SYMBOLS_PRIVATE_EXTERN = NO;
				GCC_WARN_64_TO_32_BIT_CONVERSION = YES;
				GCC_WARN_ABOUT_RETURN_TYPE = YES_ERROR;
				GCC_WARN_UNDECLARED_SELECTOR = YES;
				GCC_WARN_UNINITIALIZED_AUTOS = YES_AGGRESSIVE;
				GCC_WARN_UNUSED_FUNCTION = YES;
				GCC_WARN_UNUSED_VARIABLE = YES;
				IPHONEOS_DEPLOYMENT_TARGET = 8.1;
				MTL_ENABLE_DEBUG_INFO = YES;
				ONLY_ACTIVE_ARCH = YES;
				SDKROOT = iphoneos;
			};
			name = Debug;
		};
		5CCF40B41AA5CF2600D9A975 /* Release */ = {
			isa = XCBuildConfiguration;
			buildSettings = {
				ALWAYS_SEARCH_USER_PATHS = NO;
				CLANG_CXX_LANGUAGE_STANDARD = "gnu++0x";
				CLANG_CXX_LIBRARY = "libc++";
				CLANG_ENABLE_MODULES = YES;
				CLANG_ENABLE_OBJC_ARC = YES;
				CLANG_WARN_BOOL_CONVERSION = YES;
				CLANG_WARN_CONSTANT_CONVERSION = YES;
				CLANG_WARN_DIRECT_OBJC_ISA_USAGE = YES_ERROR;
				CLANG_WARN_EMPTY_BODY = YES;
				CLANG_WARN_ENUM_CONVERSION = YES;
				CLANG_WARN_INT_CONVERSION = YES;
				CLANG_WARN_OBJC_ROOT_CLASS = YES_ERROR;
				CLANG_WARN_UNREACHABLE_CODE = YES;
				CLANG_WARN__DUPLICATE_METHOD_MATCH = YES;
				"CODE_SIGN_IDENTITY[sdk=iphoneos*]" = "iPhone Developer";
				COPY_PHASE_STRIP = YES;
				ENABLE_NS_ASSERTIONS = NO;
				ENABLE_STRICT_OBJC_MSGSEND = YES;
				GCC_C_LANGUAGE_STANDARD = gnu99;
				GCC_WARN_64_TO_32_BIT_CONVERSION = YES;
				GCC_WARN_ABOUT_RETURN_TYPE = YES_ERROR;
				GCC_WARN_UNDECLARED_SELECTOR = YES;
				GCC_WARN_UNINITIALIZED_AUTOS = YES_AGGRESSIVE;
				GCC_WARN_UNUSED_FUNCTION = YES;
				GCC_WARN_UNUSED_VARIABLE = YES;
				IPHONEOS_DEPLOYMENT_TARGET = 8.1;
				MTL_ENABLE_DEBUG_INFO = NO;
				SDKROOT = iphoneos;
				VALIDATE_PRODUCT = YES;
			};
			name = Release;
		};
		5CCF40B61AA5CF2600D9A975 /* Debug */ = {
			isa = XCBuildConfiguration;
			buildSettings = {
				ASSETCATALOG_COMPILER_APPICON_NAME = AppIcon;
				INFOPLIST_FILE = MC1/Info.plist;
				LD_RUNPATH_SEARCH_PATHS = "$(inherited) @executable_path/Frameworks";
				PRODUCT_NAME = "$(TARGET_NAME)";
			};
			name = Debug;
		};
		5CCF40B71AA5CF2600D9A975 /* Release */ = {
			isa = XCBuildConfiguration;
			buildSettings = {
				ASSETCATALOG_COMPILER_APPICON_NAME = AppIcon;
				INFOPLIST_FILE = MC1/Info.plist;
				LD_RUNPATH_SEARCH_PATHS = "$(inherited) @executable_path/Frameworks";
				PRODUCT_NAME = "$(TARGET_NAME)";
			};
			name = Release;
		};
		5CCF40B91AA5CF2600D9A975 /* Debug */ = {
			isa = XCBuildConfiguration;
			buildSettings = {
				BUNDLE_LOADER = "$(TEST_HOST)";
				FRAMEWORK_SEARCH_PATHS = (
					"$(SDKROOT)/Developer/Library/Frameworks",
					"$(inherited)",
				);
				GCC_PREPROCESSOR_DEFINITIONS = (
					"DEBUG=1",
					"$(inherited)",
				);
				INFOPLIST_FILE = MC1Tests/Info.plist;
				LD_RUNPATH_SEARCH_PATHS = "$(inherited) @executable_path/Frameworks @loader_path/Frameworks";
				PRODUCT_NAME = "$(TARGET_NAME)";
				TEST_HOST = "$(BUILT_PRODUCTS_DIR)/MC1.app/MC1";
			};
			name = Debug;
		};
		5CCF40BA1AA5CF2600D9A975 /* Release */ = {
			isa = XCBuildConfiguration;
			buildSettings = {
				BUNDLE_LOADER = "$(TEST_HOST)";
				FRAMEWORK_SEARCH_PATHS = (
					"$(SDKROOT)/Developer/Library/Frameworks",
					"$(inherited)",
				);
				INFOPLIST_FILE = MC1Tests/Info.plist;
				LD_RUNPATH_SEARCH_PATHS = "$(inherited) @executable_path/Frameworks @loader_path/Frameworks";
				PRODUCT_NAME = "$(TARGET_NAME)";
				TEST_HOST = "$(BUILT_PRODUCTS_DIR)/MC1.app/MC1";
			};
			name = Release;
		};
/* End XCBuildConfiguration section */

/* Begin XCConfigurationList section */
		5CCF408D1AA5CF2600D9A975 /* Build configuration list for PBXProject "MC1" */ = {
			isa = XCConfigurationList;
			buildConfigurations = (
				5CCF40B31AA5CF2600D9A975 /* Debug */,
				5CCF40B41AA5CF2600D9A975 /* Release */,
			);
			defaultConfigurationIsVisible = 0;
			defaultConfigurationName = Release;
		};
		5CCF40B51AA5CF2600D9A975 /* Build configuration list for PBXNativeTarget "MC1" */ = {
			isa = XCConfigurationList;
			buildConfigurations = (
				5CCF40B61AA5CF2600D9A975 /* Debug */,
				5CCF40B71AA5CF2600D9A975 /* Release */,
			);
			defaultConfigurationIsVisible = 0;
		};
		5CCF40B81AA5CF2600D9A975 /* Build configuration list for PBXNativeTarget "MC1Tests" */ = {
			isa = XCConfigurationList;
			buildConfigurations = (
				5CCF40B91AA5CF2600D9A975 /* Debug */,
				5CCF40BA1AA5CF2600D9A975 /* Release */,
			);
			defaultConfigurationIsVisible = 0;
		};
/* End XCConfigurationList section */
	};
	rootObject = 5CCF408A1AA5CF2600D9A975 /* Project object */;
}
